
Microsoft Visual Studio Solution File, Format Version 12.00
# Visual Studio Version 16
VisualStudioVersion = 16.0.31729.503
MinimumVisualStudioVersion = 10.0.40219.1
Project("{FAE04EC0-301F-11D3-BF4B-00C04F79EFBC}") = "NtpTests", "NtpTests.csproj", "{C9537430-EC43-40D5-8FA7-9DB87F4FE7BA}"
EndProject
Global
	GlobalSection(SolutionConfigurationPlatforms) = preSolution
		Debug|Any CPU = Debug|Any CPU
		Release|Any CPU = Release|Any CPU
	EndGlobalSection
	GlobalSection(ProjectConfigurationPlatforms) = postSolution
		{C9537430-EC43-40D5-8FA7-9DB87F4FE7BA}.Debug|Any CPU.ActiveCfg = Debug|Any CPU
		{C9537430-EC43-40D5-8FA7-9DB87F4FE7BA}.Debug|Any CPU.Build.0 = Debug|Any CPU
		{C9537430-EC43-40D5-8FA7-9DB87F4FE7BA}.Release|Any CPU.ActiveCfg = Release|Any CPU
		{C9537430-EC43-40D5-8FA7-9DB87F4FE7BA}.Release|Any CPU.Build.0 = Release|Any CPU
	EndGlobalSection
	GlobalSection(SolutionProperties) = preSolution
		HideSolutionNode = FALSE
	EndGlobalSection
	GlobalSection(ExtensibilityGlobals) = postSolution
		SolutionGuid = {CDD7C0AB-3637-4DBD-AAD0-5514BC5D343B}
	EndGlobalSection
EndGlobal
